
Microsoft Visual Studio Solution File, Format Version 12.00
# Visual Studio Version 17
VisualStudioVersion = 17.7.34024.191
MinimumVisualStudioVersion = 10.0.40219.1
Project("{9A19103F-16F7-4668-BE54-9A1E7A4F7556}") = "PZ_01", "PZ_01\PZ_01.csproj", "{2945DB9E-6680-41A1-BBFB-EDAA5C319057}"
EndProject
Project("{9A19103F-16F7-4668-BE54-9A1E7A4F7556}") = "PZ_02", "PZ_02\PZ_02.csproj", "{D44C5FE4-2DE9-45D0-9FB2-578F6E43D833}"
EndProject
Project("{9A19103F-16F7-4668-BE54-9A1E7A4F7556}") = "PZ_03", "PZ_03\PZ_03.csproj", "{611D8EE9-A038-44CF-B018-4912E035F375}"
EndProject
Project("{9A19103F-16F7-4668-BE54-9A1E7A4F7556}") = "PZ_04", "PZ_04\PZ_04.csproj", "{8ADEAA6F-079E-4A0C-A903-82C591CE439B}"
EndProject
Project("{9A19103F-16F7-4668-BE54-9A1E7A4F7556}") = "PZ_05", "PZ_05\PZ_05.csproj", "{95F40B44-E8EE-447D-AB0E-0FBB8C75E065}"
EndProject
Project("{9A19103F-16F7-4668-BE54-9A1E7A4F7556}") = "PZ_06", "PZ_06\PZ_06.csproj", "{F1B4BC76-C75E-4D7B-942A-A4CC765E5AEE}"
EndProject
Project("{9A19103F-16F7-4668-BE54-9A1E7A4F7556}") = "PZ_07", "PZ_07\PZ_07.csproj", "{2D388BB6-6F4C-41E3-A386-A216E47A4FFA}"
EndProject
Project("{9A19103F-16F7-4668-BE54-9A1E7A4F7556}") = "PZ_08", "PZ_08\PZ_08.csproj", "{06F677DF-C4AE-4775-A5E8-29AB727CAF7C}"
EndProject
Project("{9A19103F-16F7-4668-BE54-9A1E7A4F7556}") = "PZ_09", "PZ_09\PZ_09.csproj", "{F50A6952-1503-4013-8F1D-EF321F340BF4}"
EndProject
Project("{9A19103F-16F7-4668-BE54-9A1E7A4F7556}") = "PZ_10", "PZ_10\PZ_10.csproj", "{00507F22-2A8C-41A3-A1B9-73C5592AD5F9}"
EndProject
Project("{FAE04EC0-301F-11D3-BF4B-00C04F79EFBC}") = "PZ_11", "PZ_11\PZ_11.csproj", "{97A58F05-7796-4B2A-B23E-C6EBA013DF3A}"
EndProject
Global
	GlobalSection(SolutionConfigurationPlatforms) = preSolution
		Debug|Any CPU = Debug|Any CPU
		Release|Any CPU = Release|Any CPU
	EndGlobalSection
	GlobalSection(ProjectConfigurationPlatforms) = postSolution
		{2945DB9E-6680-41A1-BBFB-EDAA5C319057}.Debug|Any CPU.ActiveCfg = Debug|Any CPU
		{2945DB9E-6680-41A1-BBFB-EDAA5C319057}.Debug|Any CPU.Build.0 = Debug|Any CPU
		{2945DB9E-6680-41A1-BBFB-EDAA5C319057}.Release|Any CPU.ActiveCfg = Release|Any CPU
		{2945DB9E-6680-41A1-BBFB-EDAA5C319057}.Release|Any CPU.Build.0 = Release|Any CPU
		{D44C5FE4-2DE9-45D0-9FB2-578F6E43D833}.Debug|Any CPU.ActiveCfg = Debug|Any CPU
		{D44C5FE4-2DE9-45D0-9FB2-578F6E43D833}.Debug|Any CPU.Build.0 = Debug|Any CPU
		{D44C5FE4-2DE9-45D0-9FB2-578F6E43D833}.Release|Any CPU.ActiveCfg = Release|Any CPU
		{D44C5FE4-2DE9-45D0-9FB2-578F6E43D833}.Release|Any CPU.Build.0 = Release|Any CPU
		{611D8EE9-A038-44CF-B018-4912E035F375}.Debug|Any CPU.ActiveCfg = Debug|Any CPU
		{611D8EE9-A038-44CF-B018-4912E035F375}.Debug|Any CPU.Build.0 = Debug|Any CPU
		{611D8EE9-A038-44CF-B018-4912E035F375}.Release|Any CPU.ActiveCfg = Release|Any CPU
		{611D8EE9-A038-44CF-B018-4912E035F375}.Release|Any CPU.Build.0 = Release|Any CPU
		{8ADEAA6F-079E-4A0C-A903-82C591CE439B}.Debug|Any CPU.ActiveCfg = Debug|Any CPU
		{8ADEAA6F-079E-4A0C-A903-82C591CE439B}.Debug|Any CPU.Build.0 = Debug|Any CPU
		{8ADEAA6F-079E-4A0C-A903-82C591CE439B}.Release|Any CPU.ActiveCfg = Release|Any CPU
		{8ADEAA6F-079E-4A0C-A903-82C591CE439B}.Release|Any CPU.Build.0 = Release|Any CPU
		{95F40B44-E8EE-447D-AB0E-0FBB8C75E065}.Debug|Any CPU.ActiveCfg = Debug|Any CPU
		{95F40B44-E8EE-447D-AB0E-0FBB8C75E065}.Debug|Any CPU.Build.0 = Debug|Any CPU
		{95F40B44-E8EE-447D-AB0E-0FBB8C75E065}.Release|Any CPU.ActiveCfg = Release|Any CPU
		{95F40B44-E8EE-447D-AB0E-0FBB8C75E065}.Release|Any CPU.Build.0 = Release|Any CPU
		{F1B4BC76-C75E-4D7B-942A-A4CC765E5AEE}.Debug|Any CPU.ActiveCfg = Debug|Any CPU
		{F1B4BC76-C75E-4D7B-942A-A4CC765E5AEE}.Debug|Any CPU.Build.0 = Debug|Any CPU
		{F1B4BC76-C75E-4D7B-942A-A4CC765E5AEE}.Release|Any CPU.ActiveCfg = Release|Any CPU
		{F1B4BC76-C75E-4D7B-942A-A4CC765E5AEE}.Release|Any CPU.Build.0 = Release|Any CPU
		{2D388BB6-6F4C-41E3-A386-A216E47A4FFA}.Debug|Any CPU.ActiveCfg = Debug|Any CPU
		{2D388BB6-6F4C-41E3-A386-A216E47A4FFA}.Debug|Any CPU.Build.0 = Debug|Any CPU
		{2D388BB6-6F4C-41E3-A386-A216E47A4FFA}.Release|Any CPU.ActiveCfg = Release|Any CPU
		{2D388BB6-6F4C-41E3-A386-A216E47A4FFA}.Release|Any CPU.Build.0 = Release|Any CPU
		{06F677DF-C4AE-4775-A5E8-29AB727CAF7C}.Debug|Any CPU.ActiveCfg = Debug|Any CPU
		{06F677DF-C4AE-4775-A5E8-29AB727CAF7C}.Debug|Any CPU.Build.0 = Debug|Any CPU
		{06F677DF-C4AE-4775-A5E8-29AB727CAF7C}.Release|Any CPU.ActiveCfg = Release|Any CPU
		{06F677DF-C4AE-4775-A5E8-29AB727CAF7C}.Release|Any CPU.Build.0 = Release|Any CPU
		{F50A6952-1503-4013-8F1D-EF321F340BF4}.Debug|Any CPU.ActiveCfg = Debug|Any CPU
		{F50A6952-1503-4013-8F1D-EF321F340BF4}.Debug|Any CPU.Build.0 = Debug|Any CPU
		{F50A6952-1503-4013-8F1D-EF321F340BF4}.Release|Any CPU.ActiveCfg = Release|Any CPU
		{F50A6952-1503-4013-8F1D-EF321F340BF4}.Release|Any CPU.Build.0 = Release|Any CPU
		{00507F22-2A8C-41A3-A1B9-73C5592AD5F9}.Debug|Any CPU.ActiveCfg = Debug|Any CPU
		{00507F22-2A8C-41A3-A1B9-73C5592AD5F9}.Debug|Any CPU.Build.0 = Debug|Any CPU
		{00507F22-2A8C-41A3-A1B9-73C5592AD5F9}.Release|Any CPU.ActiveCfg = Release|Any CPU
		{00507F22-2A8C-41A3-A1B9-73C5592AD5F9}.Release|Any CPU.Build.0 = Release|Any CPU
		{97A58F05-7796-4B2A-B23E-C6EBA013DF3A}.Debug|Any CPU.ActiveCfg = Debug|Any CPU
		{97A58F05-7796-4B2A-B23E-C6EBA013DF3A}.Debug|Any CPU.Build.0 = Debug|Any CPU
		{97A58F05-7796-4B2A-B23E-C6EBA013DF3A}.Release|Any CPU.ActiveCfg = Release|Any CPU
		{97A58F05-7796-4B2A-B23E-C6EBA013DF3A}.Release|Any CPU.Build.0 = Release|Any CPU
	EndGlobalSection
	GlobalSection(SolutionProperties) = preSolution
		HideSolutionNode = FALSE
	EndGlobalSection
	GlobalSection(ExtensibilityGlobals) = postSolution
		SolutionGuid = {1049EFF8-5897-486A-A325-BD779012CD60}
	EndGlobalSection
EndGlobal
